
Microsoft Visual Studio Solution File, Format Version 12.00
# Visual Studio Version 16
VisualStudioVersion = 16.0.29519.87
MinimumVisualStudioVersion = 10.0.40219.1
Project("{FAE04EC0-301F-11D3-BF4B-00C04F79EFBC}") = "string exercises", "string exercises.csproj", "{9E49A928-0ADD-4926-8680-9D75F8F611D8}"
EndProject
Global
	GlobalSection(SolutionConfigurationPlatforms) = preSolution
		Debug|Any CPU = Debug|Any CPU
		Release|Any CPU = Release|Any CPU
	EndGlobalSection
	GlobalSection(ProjectConfigurationPlatforms) = postSolution
		{9E49A928-0ADD-4926-8680-9D75F8F611D8}.Debug|Any CPU.ActiveCfg = Debug|Any CPU
		{9E49A928-0ADD-4926-8680-9D75F8F611D8}.Debug|Any CPU.Build.0 = Debug|Any CPU
		{9E49A928-0ADD-4926-8680-9D75F8F611D8}.Release|Any CPU.ActiveCfg = Release|Any CPU
		{9E49A928-0ADD-4926-8680-9D75F8F611D8}.Release|Any CPU.Build.0 = Release|Any CPU
	EndGlobalSection
	GlobalSection(SolutionProperties) = preSolution
		HideSolutionNode = FALSE
	EndGlobalSection
	GlobalSection(ExtensibilityGlobals) = postSolution
		SolutionGuid = {3ED84CD0-9FF0-47D6-8704-9B363E9DE4F7}
	EndGlobalSection
EndGlobal
