
Microsoft Visual Studio Solution File, Format Version 12.00
# Visual Studio Version 16
VisualStudioVersion = 16.0.29519.87
MinimumVisualStudioVersion = 10.0.40219.1
Project("{FAE04EC0-301F-11D3-BF4B-00C04F79EFBC}") = "Exercise5", "Exercise5.csproj", "{EE57CCA6-DFC9-4614-8F09-BF1F1DD8230B}"
EndProject
Global
	GlobalSection(SolutionConfigurationPlatforms) = preSolution
		Debug|Any CPU = Debug|Any CPU
		Release|Any CPU = Release|Any CPU
	EndGlobalSection
	GlobalSection(ProjectConfigurationPlatforms) = postSolution
		{EE57CCA6-DFC9-4614-8F09-BF1F1DD8230B}.Debug|Any CPU.ActiveCfg = Debug|Any CPU
		{EE57CCA6-DFC9-4614-8F09-BF1F1DD8230B}.Debug|Any CPU.Build.0 = Debug|Any CPU
		{EE57CCA6-DFC9-4614-8F09-BF1F1DD8230B}.Release|Any CPU.ActiveCfg = Release|Any CPU
		{EE57CCA6-DFC9-4614-8F09-BF1F1DD8230B}.Release|Any CPU.Build.0 = Release|Any CPU
	EndGlobalSection
	GlobalSection(SolutionProperties) = preSolution
		HideSolutionNode = FALSE
	EndGlobalSection
	GlobalSection(ExtensibilityGlobals) = postSolution
		SolutionGuid = {D5F02A4E-2C88-4ACC-97D3-D0856E527574}
	EndGlobalSection
EndGlobal
