
Microsoft Visual Studio Solution File, Format Version 12.00
# Visual Studio Version 16
VisualStudioVersion = 16.0.29519.87
MinimumVisualStudioVersion = 10.0.40219.1
Project("{FAE04EC0-301F-11D3-BF4B-00C04F79EFBC}") = "Exercise3", "Exercise3.csproj", "{74F4ADC8-32E7-485B-9F5C-642D5B8B151B}"
EndProject
Global
	GlobalSection(SolutionConfigurationPlatforms) = preSolution
		Debug|Any CPU = Debug|Any CPU
		Release|Any CPU = Release|Any CPU
	EndGlobalSection
	GlobalSection(ProjectConfigurationPlatforms) = postSolution
		{74F4ADC8-32E7-485B-9F5C-642D5B8B151B}.Debug|Any CPU.ActiveCfg = Debug|Any CPU
		{74F4ADC8-32E7-485B-9F5C-642D5B8B151B}.Debug|Any CPU.Build.0 = Debug|Any CPU
		{74F4ADC8-32E7-485B-9F5C-642D5B8B151B}.Release|Any CPU.ActiveCfg = Release|Any CPU
		{74F4ADC8-32E7-485B-9F5C-642D5B8B151B}.Release|Any CPU.Build.0 = Release|Any CPU
	EndGlobalSection
	GlobalSection(SolutionProperties) = preSolution
		HideSolutionNode = FALSE
	EndGlobalSection
	GlobalSection(ExtensibilityGlobals) = postSolution
		SolutionGuid = {AE292D31-B5E3-48A5-BE9A-6782B6101342}
	EndGlobalSection
EndGlobal
