
Microsoft Visual Studio Solution File, Format Version 12.00
# Visual Studio Version 16
VisualStudioVersion = 16.0.29519.87
MinimumVisualStudioVersion = 10.0.40219.1
Project("{FAE04EC0-301F-11D3-BF4B-00C04F79EFBC}") = "avaloniaTest", "avaloniaTest.csproj", "{53DCDD8E-7000-4AEE-99AB-9AA1CD34C85C}"
EndProject
Global
	GlobalSection(SolutionConfigurationPlatforms) = preSolution
		Debug|Any CPU = Debug|Any CPU
		Release|Any CPU = Release|Any CPU
	EndGlobalSection
	GlobalSection(ProjectConfigurationPlatforms) = postSolution
		{53DCDD8E-7000-4AEE-99AB-9AA1CD34C85C}.Debug|Any CPU.ActiveCfg = Debug|Any CPU
		{53DCDD8E-7000-4AEE-99AB-9AA1CD34C85C}.Debug|Any CPU.Build.0 = Debug|Any CPU
		{53DCDD8E-7000-4AEE-99AB-9AA1CD34C85C}.Release|Any CPU.ActiveCfg = Release|Any CPU
		{53DCDD8E-7000-4AEE-99AB-9AA1CD34C85C}.Release|Any CPU.Build.0 = Release|Any CPU
	EndGlobalSection
	GlobalSection(SolutionProperties) = preSolution
		HideSolutionNode = FALSE
	EndGlobalSection
	GlobalSection(ExtensibilityGlobals) = postSolution
		SolutionGuid = {E2D9D308-E046-40E1-B935-D60EF180C53A}
	EndGlobalSection
EndGlobal
