
Microsoft Visual Studio Solution File, Format Version 12.00
# Visual Studio Version 16
VisualStudioVersion = 16.0.29709.97
MinimumVisualStudioVersion = 10.0.40219.1
Project("{FAE04EC0-301F-11D3-BF4B-00C04F79EFBC}") = "PirateShip", "PirateShip.csproj", "{AC883CB0-7582-46B6-83CF-FA64CC347476}"
EndProject
Global
	GlobalSection(SolutionConfigurationPlatforms) = preSolution
		Debug|Any CPU = Debug|Any CPU
		Release|Any CPU = Release|Any CPU
	EndGlobalSection
	GlobalSection(ProjectConfigurationPlatforms) = postSolution
		{AC883CB0-7582-46B6-83CF-FA64CC347476}.Debug|Any CPU.ActiveCfg = Debug|Any CPU
		{AC883CB0-7582-46B6-83CF-FA64CC347476}.Debug|Any CPU.Build.0 = Debug|Any CPU
		{AC883CB0-7582-46B6-83CF-FA64CC347476}.Release|Any CPU.ActiveCfg = Release|Any CPU
		{AC883CB0-7582-46B6-83CF-FA64CC347476}.Release|Any CPU.Build.0 = Release|Any CPU
	EndGlobalSection
	GlobalSection(SolutionProperties) = preSolution
		HideSolutionNode = FALSE
	EndGlobalSection
	GlobalSection(ExtensibilityGlobals) = postSolution
		SolutionGuid = {A7A2F2A1-B04A-47C9-8F78-5CBA96344D3F}
	EndGlobalSection
EndGlobal
