
Microsoft Visual Studio Solution File, Format Version 12.00
# Visual Studio Version 16
VisualStudioVersion = 16.0.29709.97
MinimumVisualStudioVersion = 10.0.40219.1
Project("{FAE04EC0-301F-11D3-BF4B-00C04F79EFBC}") = "HashSet use", "HashSet use.csproj", "{83AE7BE3-C299-4A7E-BBD7-27384C3E5454}"
EndProject
Global
	GlobalSection(SolutionConfigurationPlatforms) = preSolution
		Debug|Any CPU = Debug|Any CPU
		Release|Any CPU = Release|Any CPU
	EndGlobalSection
	GlobalSection(ProjectConfigurationPlatforms) = postSolution
		{83AE7BE3-C299-4A7E-BBD7-27384C3E5454}.Debug|Any CPU.ActiveCfg = Debug|Any CPU
		{83AE7BE3-C299-4A7E-BBD7-27384C3E5454}.Debug|Any CPU.Build.0 = Debug|Any CPU
		{83AE7BE3-C299-4A7E-BBD7-27384C3E5454}.Release|Any CPU.ActiveCfg = Release|Any CPU
		{83AE7BE3-C299-4A7E-BBD7-27384C3E5454}.Release|Any CPU.Build.0 = Release|Any CPU
	EndGlobalSection
	GlobalSection(SolutionProperties) = preSolution
		HideSolutionNode = FALSE
	EndGlobalSection
	GlobalSection(ExtensibilityGlobals) = postSolution
		SolutionGuid = {3E8DB0F1-893B-43BC-B283-370597D63E7B}
	EndGlobalSection
EndGlobal
