
Microsoft Visual Studio Solution File, Format Version 12.00
# Visual Studio Version 16
VisualStudioVersion = 16.0.29519.87
MinimumVisualStudioVersion = 10.0.40219.1
Project("{FAE04EC0-301F-11D3-BF4B-00C04F79EFBC}") = "AvaloniaProject", "AvaloniaProject.csproj", "{28F3F366-2B80-4251-B915-AAF1B1775370}"
EndProject
Global
	GlobalSection(SolutionConfigurationPlatforms) = preSolution
		Debug|Any CPU = Debug|Any CPU
		Release|Any CPU = Release|Any CPU
	EndGlobalSection
	GlobalSection(ProjectConfigurationPlatforms) = postSolution
		{28F3F366-2B80-4251-B915-AAF1B1775370}.Debug|Any CPU.ActiveCfg = Debug|Any CPU
		{28F3F366-2B80-4251-B915-AAF1B1775370}.Debug|Any CPU.Build.0 = Debug|Any CPU
		{28F3F366-2B80-4251-B915-AAF1B1775370}.Release|Any CPU.ActiveCfg = Release|Any CPU
		{28F3F366-2B80-4251-B915-AAF1B1775370}.Release|Any CPU.Build.0 = Release|Any CPU
	EndGlobalSection
	GlobalSection(SolutionProperties) = preSolution
		HideSolutionNode = FALSE
	EndGlobalSection
	GlobalSection(ExtensibilityGlobals) = postSolution
		SolutionGuid = {A64BF685-63CE-4A89-8B53-3C61554D6C9C}
	EndGlobalSection
EndGlobal
