
Microsoft Visual Studio Solution File, Format Version 12.00
# Visual Studio Version 16
VisualStudioVersion = 16.0.29709.97
MinimumVisualStudioVersion = 10.0.40219.1
Project("{FAE04EC0-301F-11D3-BF4B-00C04F79EFBC}") = "Births", "Births.csproj", "{6748344E-6452-476D-B62A-385920D84635}"
EndProject
Global
	GlobalSection(SolutionConfigurationPlatforms) = preSolution
		Debug|Any CPU = Debug|Any CPU
		Release|Any CPU = Release|Any CPU
	EndGlobalSection
	GlobalSection(ProjectConfigurationPlatforms) = postSolution
		{6748344E-6452-476D-B62A-385920D84635}.Debug|Any CPU.ActiveCfg = Debug|Any CPU
		{6748344E-6452-476D-B62A-385920D84635}.Debug|Any CPU.Build.0 = Debug|Any CPU
		{6748344E-6452-476D-B62A-385920D84635}.Release|Any CPU.ActiveCfg = Release|Any CPU
		{6748344E-6452-476D-B62A-385920D84635}.Release|Any CPU.Build.0 = Release|Any CPU
	EndGlobalSection
	GlobalSection(SolutionProperties) = preSolution
		HideSolutionNode = FALSE
	EndGlobalSection
	GlobalSection(ExtensibilityGlobals) = postSolution
		SolutionGuid = {4B8206FC-798C-4625-9EF6-790860A6589E}
	EndGlobalSection
EndGlobal
