
Microsoft Visual Studio Solution File, Format Version 12.00
# Visual Studio Version 16
VisualStudioVersion = 16.0.29709.97
MinimumVisualStudioVersion = 10.0.40219.1
Project("{FAE04EC0-301F-11D3-BF4B-00C04F79EFBC}") = "CAB", "CAB.csproj", "{03834968-2B6B-425D-AF2A-FDA701D5F418}"
EndProject
Project("{FAE04EC0-301F-11D3-BF4B-00C04F79EFBC}") = "CABTests", "..\CABTests\CABTests.csproj", "{A55B659B-E65E-48C9-B966-9F8C4EB78CEB}"
EndProject
Global
	GlobalSection(SolutionConfigurationPlatforms) = preSolution
		Debug|Any CPU = Debug|Any CPU
		Release|Any CPU = Release|Any CPU
	EndGlobalSection
	GlobalSection(ProjectConfigurationPlatforms) = postSolution
		{03834968-2B6B-425D-AF2A-FDA701D5F418}.Debug|Any CPU.ActiveCfg = Debug|Any CPU
		{03834968-2B6B-425D-AF2A-FDA701D5F418}.Debug|Any CPU.Build.0 = Debug|Any CPU
		{03834968-2B6B-425D-AF2A-FDA701D5F418}.Release|Any CPU.ActiveCfg = Release|Any CPU
		{03834968-2B6B-425D-AF2A-FDA701D5F418}.Release|Any CPU.Build.0 = Release|Any CPU
		{A55B659B-E65E-48C9-B966-9F8C4EB78CEB}.Debug|Any CPU.ActiveCfg = Debug|Any CPU
		{A55B659B-E65E-48C9-B966-9F8C4EB78CEB}.Debug|Any CPU.Build.0 = Debug|Any CPU
		{A55B659B-E65E-48C9-B966-9F8C4EB78CEB}.Release|Any CPU.ActiveCfg = Release|Any CPU
		{A55B659B-E65E-48C9-B966-9F8C4EB78CEB}.Release|Any CPU.Build.0 = Release|Any CPU
	EndGlobalSection
	GlobalSection(SolutionProperties) = preSolution
		HideSolutionNode = FALSE
	EndGlobalSection
	GlobalSection(ExtensibilityGlobals) = postSolution
		SolutionGuid = {CC08B32C-C3E7-485F-BB99-DB3FAC93409F}
	EndGlobalSection
EndGlobal
