
Microsoft Visual Studio Solution File, Format Version 12.00
# Visual Studio Version 16
VisualStudioVersion = 16.0.29519.87
MinimumVisualStudioVersion = 10.0.40219.1
Project("{FAE04EC0-301F-11D3-BF4B-00C04F79EFBC}") = "Exercise7", "Exercise7.csproj", "{8999F88B-CF56-49F0-ABB3-9C6344D10837}"
EndProject
Global
	GlobalSection(SolutionConfigurationPlatforms) = preSolution
		Debug|Any CPU = Debug|Any CPU
		Release|Any CPU = Release|Any CPU
	EndGlobalSection
	GlobalSection(ProjectConfigurationPlatforms) = postSolution
		{8999F88B-CF56-49F0-ABB3-9C6344D10837}.Debug|Any CPU.ActiveCfg = Debug|Any CPU
		{8999F88B-CF56-49F0-ABB3-9C6344D10837}.Debug|Any CPU.Build.0 = Debug|Any CPU
		{8999F88B-CF56-49F0-ABB3-9C6344D10837}.Release|Any CPU.ActiveCfg = Release|Any CPU
		{8999F88B-CF56-49F0-ABB3-9C6344D10837}.Release|Any CPU.Build.0 = Release|Any CPU
	EndGlobalSection
	GlobalSection(SolutionProperties) = preSolution
		HideSolutionNode = FALSE
	EndGlobalSection
	GlobalSection(ExtensibilityGlobals) = postSolution
		SolutionGuid = {BD73A6DE-2009-4FD3-AB3F-02B0A51D0AC5}
	EndGlobalSection
EndGlobal
