
Microsoft Visual Studio Solution File, Format Version 12.00
# Visual Studio Version 16
VisualStudioVersion = 16.0.29709.97
MinimumVisualStudioVersion = 10.0.40219.1
Project("{FAE04EC0-301F-11D3-BF4B-00C04F79EFBC}") = "PrintEachLine", "PrintEachLine.csproj", "{4A76DBAD-B7CB-4C39-927E-AAB2D1B00487}"
EndProject
Global
	GlobalSection(SolutionConfigurationPlatforms) = preSolution
		Debug|Any CPU = Debug|Any CPU
		Release|Any CPU = Release|Any CPU
	EndGlobalSection
	GlobalSection(ProjectConfigurationPlatforms) = postSolution
		{4A76DBAD-B7CB-4C39-927E-AAB2D1B00487}.Debug|Any CPU.ActiveCfg = Debug|Any CPU
		{4A76DBAD-B7CB-4C39-927E-AAB2D1B00487}.Debug|Any CPU.Build.0 = Debug|Any CPU
		{4A76DBAD-B7CB-4C39-927E-AAB2D1B00487}.Release|Any CPU.ActiveCfg = Release|Any CPU
		{4A76DBAD-B7CB-4C39-927E-AAB2D1B00487}.Release|Any CPU.Build.0 = Release|Any CPU
	EndGlobalSection
	GlobalSection(SolutionProperties) = preSolution
		HideSolutionNode = FALSE
	EndGlobalSection
	GlobalSection(ExtensibilityGlobals) = postSolution
		SolutionGuid = {A90055CF-D55B-4EBF-8EAA-6F6C58FC6CD2}
	EndGlobalSection
EndGlobal
