
Microsoft Visual Studio Solution File, Format Version 12.00
# Visual Studio Version 16
VisualStudioVersion = 16.0.29709.97
MinimumVisualStudioVersion = 10.0.40219.1
Project("{FAE04EC0-301F-11D3-BF4B-00C04F79EFBC}") = "ReversedOrder", "ReversedOrder.csproj", "{43184072-E3B6-4D31-894E-3897FFF30617}"
EndProject
Global
	GlobalSection(SolutionConfigurationPlatforms) = preSolution
		Debug|Any CPU = Debug|Any CPU
		Release|Any CPU = Release|Any CPU
	EndGlobalSection
	GlobalSection(ProjectConfigurationPlatforms) = postSolution
		{43184072-E3B6-4D31-894E-3897FFF30617}.Debug|Any CPU.ActiveCfg = Debug|Any CPU
		{43184072-E3B6-4D31-894E-3897FFF30617}.Debug|Any CPU.Build.0 = Debug|Any CPU
		{43184072-E3B6-4D31-894E-3897FFF30617}.Release|Any CPU.ActiveCfg = Release|Any CPU
		{43184072-E3B6-4D31-894E-3897FFF30617}.Release|Any CPU.Build.0 = Release|Any CPU
	EndGlobalSection
	GlobalSection(SolutionProperties) = preSolution
		HideSolutionNode = FALSE
	EndGlobalSection
	GlobalSection(ExtensibilityGlobals) = postSolution
		SolutionGuid = {09E3CD97-22C7-4B6D-A171-9426AA0DB9EA}
	EndGlobalSection
EndGlobal
