
Microsoft Visual Studio Solution File, Format Version 12.00
# Visual Studio Version 16
VisualStudioVersion = 16.0.29709.97
MinimumVisualStudioVersion = 10.0.40219.1
Project("{FAE04EC0-301F-11D3-BF4B-00C04F79EFBC}") = "FlyableInterface", "FlyableInterface.csproj", "{9EBFFABC-1F5B-4B2D-9F91-4C3C39A95363}"
EndProject
Global
	GlobalSection(SolutionConfigurationPlatforms) = preSolution
		Debug|Any CPU = Debug|Any CPU
		Release|Any CPU = Release|Any CPU
	EndGlobalSection
	GlobalSection(ProjectConfigurationPlatforms) = postSolution
		{9EBFFABC-1F5B-4B2D-9F91-4C3C39A95363}.Debug|Any CPU.ActiveCfg = Debug|Any CPU
		{9EBFFABC-1F5B-4B2D-9F91-4C3C39A95363}.Debug|Any CPU.Build.0 = Debug|Any CPU
		{9EBFFABC-1F5B-4B2D-9F91-4C3C39A95363}.Release|Any CPU.ActiveCfg = Release|Any CPU
		{9EBFFABC-1F5B-4B2D-9F91-4C3C39A95363}.Release|Any CPU.Build.0 = Release|Any CPU
	EndGlobalSection
	GlobalSection(SolutionProperties) = preSolution
		HideSolutionNode = FALSE
	EndGlobalSection
	GlobalSection(ExtensibilityGlobals) = postSolution
		SolutionGuid = {1A4DD042-2F53-4A26-B4C2-624CF3DB51F0}
	EndGlobalSection
EndGlobal
