
Microsoft Visual Studio Solution File, Format Version 12.00
# Visual Studio Version 16
VisualStudioVersion = 16.0.29709.97
MinimumVisualStudioVersion = 10.0.40219.1
Project("{FAE04EC0-301F-11D3-BF4B-00C04F79EFBC}") = "TicTacToe", "TicTacToe.csproj", "{EB05B58F-D9AE-41C7-B9A0-ABA201B357CA}"
EndProject
Global
	GlobalSection(SolutionConfigurationPlatforms) = preSolution
		Debug|Any CPU = Debug|Any CPU
		Release|Any CPU = Release|Any CPU
	EndGlobalSection
	GlobalSection(ProjectConfigurationPlatforms) = postSolution
		{EB05B58F-D9AE-41C7-B9A0-ABA201B357CA}.Debug|Any CPU.ActiveCfg = Debug|Any CPU
		{EB05B58F-D9AE-41C7-B9A0-ABA201B357CA}.Debug|Any CPU.Build.0 = Debug|Any CPU
		{EB05B58F-D9AE-41C7-B9A0-ABA201B357CA}.Release|Any CPU.ActiveCfg = Release|Any CPU
		{EB05B58F-D9AE-41C7-B9A0-ABA201B357CA}.Release|Any CPU.Build.0 = Release|Any CPU
	EndGlobalSection
	GlobalSection(SolutionProperties) = preSolution
		HideSolutionNode = FALSE
	EndGlobalSection
	GlobalSection(ExtensibilityGlobals) = postSolution
		SolutionGuid = {183B159A-D3BD-4218-A574-F29641646C6C}
	EndGlobalSection
EndGlobal
