
Microsoft Visual Studio Solution File, Format Version 12.00
# Visual Studio Version 16
VisualStudioVersion = 16.0.29709.97
MinimumVisualStudioVersion = 10.0.40219.1
Project("{FAE04EC0-301F-11D3-BF4B-00C04F79EFBC}") = "Human", "Human.csproj", "{BD796FD0-1629-4DEE-A812-4E23E788AFC0}"
EndProject
Global
	GlobalSection(SolutionConfigurationPlatforms) = preSolution
		Debug|Any CPU = Debug|Any CPU
		Release|Any CPU = Release|Any CPU
	EndGlobalSection
	GlobalSection(ProjectConfigurationPlatforms) = postSolution
		{BD796FD0-1629-4DEE-A812-4E23E788AFC0}.Debug|Any CPU.ActiveCfg = Debug|Any CPU
		{BD796FD0-1629-4DEE-A812-4E23E788AFC0}.Debug|Any CPU.Build.0 = Debug|Any CPU
		{BD796FD0-1629-4DEE-A812-4E23E788AFC0}.Release|Any CPU.ActiveCfg = Release|Any CPU
		{BD796FD0-1629-4DEE-A812-4E23E788AFC0}.Release|Any CPU.Build.0 = Release|Any CPU
	EndGlobalSection
	GlobalSection(SolutionProperties) = preSolution
		HideSolutionNode = FALSE
	EndGlobalSection
	GlobalSection(ExtensibilityGlobals) = postSolution
		SolutionGuid = {0764F5BE-987A-4AA0-B8E3-FB0C14E28926}
	EndGlobalSection
EndGlobal
